Microsoft Visual Studio Solution File, Format Version 11.00
# Visual Studio 2008

Project("{0921ED72-97A0-74D8-B035-F2F9E3BF9EA8}") = "AbsoluteSneak", "Assembly-CSharp.csproj", "{1121C538-35B7-6BE0-2ECE-A9F17492AB03}"
EndProject
Global
	GlobalSection(SolutionConfigurationPlatforms) = preSolution
		Debug|Any CPU = Debug|Any CPU
		Release|Any CPU = Release|Any CPU
	EndGlobalSection
	GlobalSection(ProjectConfigurationPlatforms) = postSolution
		{1121C538-35B7-6BE0-2ECE-A9F17492AB03}.Debug|Any CPU.ActiveCfg = Debug|Any CPU
		{1121C538-35B7-6BE0-2ECE-A9F17492AB03}.Debug|Any CPU.Build.0 = Debug|Any CPU
		{1121C538-35B7-6BE0-2ECE-A9F17492AB03}.Release|Any CPU.ActiveCfg = Release|Any CPU
		{1121C538-35B7-6BE0-2ECE-A9F17492AB03}.Release|Any CPU.Build.0 = Release|Any CPU
	EndGlobalSection
	GlobalSection(SolutionProperties) = preSolution
		HideSolutionNode = FALSE
	EndGlobalSection
	GlobalSection(MonoDevelopProperties) = preSolution
		StartupItem = Assembly-CSharp.csproj
	EndGlobalSection
EndGlobal
